
Microsoft Visual Studio Solution File, Format Version 12.00
# Visual Studio Version 17
VisualStudioVersion = 17.0.32014.148
MinimumVisualStudioVersion = 10.0.40219.1
Project("{9A19103F-16F7-4668-BE54-9A1E7A4F7556}") = "WinAppBar", "WinAppBar\WinAppBar.csproj", "{1A199B1A-7FD0-4F5A-86FE-D3D31AD057C4}"
EndProject
Project("{9A19103F-16F7-4668-BE54-9A1E7A4F7556}") = "WinAppBar.Plugins.Shortcuts", "WinAppBar.Shortcuts\WinAppBar.Plugins.Shortcuts.csproj", "{D6D5CC0B-15C9-47BE-8C51-438032A7C7F6}"
EndProject
Project("{9A19103F-16F7-4668-BE54-9A1E7A4F7556}") = "WinAppBar.Plugins", "WinAppBar.Plugins\WinAppBar.Plugins.csproj", "{60E66E08-831A-4E6F-AB71-E2063477FA0D}"
EndProject
Global
	GlobalSection(SolutionConfigurationPlatforms) = preSolution
		Debug|Any CPU = Debug|Any CPU
		Release|Any CPU = Release|Any CPU
	EndGlobalSection
	GlobalSection(ProjectConfigurationPlatforms) = postSolution
		{1A199B1A-7FD0-4F5A-86FE-D3D31AD057C4}.Debug|Any CPU.ActiveCfg = Debug|Any CPU
		{1A199B1A-7FD0-4F5A-86FE-D3D31AD057C4}.Debug|Any CPU.Build.0 = Debug|Any CPU
		{1A199B1A-7FD0-4F5A-86FE-D3D31AD057C4}.Release|Any CPU.ActiveCfg = Release|Any CPU
		{1A199B1A-7FD0-4F5A-86FE-D3D31AD057C4}.Release|Any CPU.Build.0 = Release|Any CPU
		{D6D5CC0B-15C9-47BE-8C51-438032A7C7F6}.Debug|Any CPU.ActiveCfg = Debug|Any CPU
		{D6D5CC0B-15C9-47BE-8C51-438032A7C7F6}.Debug|Any CPU.Build.0 = Debug|Any CPU
		{D6D5CC0B-15C9-47BE-8C51-438032A7C7F6}.Release|Any CPU.ActiveCfg = Release|Any CPU
		{D6D5CC0B-15C9-47BE-8C51-438032A7C7F6}.Release|Any CPU.Build.0 = Release|Any CPU
		{60E66E08-831A-4E6F-AB71-E2063477FA0D}.Debug|Any CPU.ActiveCfg = Debug|Any CPU
		{60E66E08-831A-4E6F-AB71-E2063477FA0D}.Debug|Any CPU.Build.0 = Debug|Any CPU
		{60E66E08-831A-4E6F-AB71-E2063477FA0D}.Release|Any CPU.ActiveCfg = Release|Any CPU
		{60E66E08-831A-4E6F-AB71-E2063477FA0D}.Release|Any CPU.Build.0 = Release|Any CPU
	EndGlobalSection
	GlobalSection(SolutionProperties) = preSolution
		HideSolutionNode = FALSE
	EndGlobalSection
	GlobalSection(ExtensibilityGlobals) = postSolution
		SolutionGuid = {95D2331C-E4C0-425E-9FEE-002B5AB93554}
	EndGlobalSection
EndGlobal
